
Microsoft Visual Studio Solution File, Format Version 11.00
# Visual Studio 2010
Project("{FAE04EC0-301F-11D3-BF4B-00C04F79EFBC}") = "Assembly-CSharp", "Assembly-CSharp.csproj", "{22A6DD93-E74C-0A74-3DC0-955D4CDA4F28}"
EndProject
Project("{FAE04EC0-301F-11D3-BF4B-00C04F79EFBC}") = "Assembly-CSharp-Editor", "Assembly-CSharp-Editor.csproj", "{135D5BFE-42B3-DF66-058F-5B1CB2B02790}"
EndProject
Global
	GlobalSection(SolutionConfigurationPlatforms) = preSolution
		Debug|Any CPU = Debug|Any CPU
		Release|Any CPU = Release|Any CPU
	EndGlobalSection
	GlobalSection(ProjectConfigurationPlatforms) = postSolution
		{22A6DD93-E74C-0A74-3DC0-955D4CDA4F28}.Debug|Any CPU.ActiveCfg = Debug|Any CPU
		{22A6DD93-E74C-0A74-3DC0-955D4CDA4F28}.Debug|Any CPU.Build.0 = Debug|Any CPU
		{22A6DD93-E74C-0A74-3DC0-955D4CDA4F28}.Release|Any CPU.ActiveCfg = Release|Any CPU
		{22A6DD93-E74C-0A74-3DC0-955D4CDA4F28}.Release|Any CPU.Build.0 = Release|Any CPU
		{135D5BFE-42B3-DF66-058F-5B1CB2B02790}.Debug|Any CPU.ActiveCfg = Debug|Any CPU
		{135D5BFE-42B3-DF66-058F-5B1CB2B02790}.Debug|Any CPU.Build.0 = Debug|Any CPU
		{135D5BFE-42B3-DF66-058F-5B1CB2B02790}.Release|Any CPU.ActiveCfg = Release|Any CPU
		{135D5BFE-42B3-DF66-058F-5B1CB2B02790}.Release|Any CPU.Build.0 = Release|Any CPU
	EndGlobalSection
	GlobalSection(SolutionProperties) = preSolution
		HideSolutionNode = FALSE
	EndGlobalSection
	GlobalSection(MonoDevelopProperties) = preSolution
		StartupItem = Assembly-CSharp.csproj
	EndGlobalSection
EndGlobal
