
Microsoft Visual Studio Solution File, Format Version 11.00
# Visual Studio 2010
Project("{FAE04EC0-301F-11D3-BF4B-00C04F79EFBC}") = "Assembly-CSharp", "Assembly-CSharp.csproj", "{57A8D4A9-EE92-FB64-8DD1-4CEA3D320696}"
EndProject
Project("{FAE04EC0-301F-11D3-BF4B-00C04F79EFBC}") = "Assembly-CSharp-Editor", "Assembly-CSharp-Editor.csproj", "{B6236161-753D-D946-B894-9A7758EE92CC}"
EndProject
Global
	GlobalSection(SolutionConfigurationPlatforms) = preSolution
		Debug|Any CPU = Debug|Any CPU
		Release|Any CPU = Release|Any CPU
	EndGlobalSection
	GlobalSection(ProjectConfigurationPlatforms) = postSolution
		{57A8D4A9-EE92-FB64-8DD1-4CEA3D320696}.Debug|Any CPU.ActiveCfg = Debug|Any CPU
		{57A8D4A9-EE92-FB64-8DD1-4CEA3D320696}.Debug|Any CPU.Build.0 = Debug|Any CPU
		{57A8D4A9-EE92-FB64-8DD1-4CEA3D320696}.Release|Any CPU.ActiveCfg = Release|Any CPU
		{57A8D4A9-EE92-FB64-8DD1-4CEA3D320696}.Release|Any CPU.Build.0 = Release|Any CPU
		{B6236161-753D-D946-B894-9A7758EE92CC}.Debug|Any CPU.ActiveCfg = Debug|Any CPU
		{B6236161-753D-D946-B894-9A7758EE92CC}.Debug|Any CPU.Build.0 = Debug|Any CPU
		{B6236161-753D-D946-B894-9A7758EE92CC}.Release|Any CPU.ActiveCfg = Release|Any CPU
		{B6236161-753D-D946-B894-9A7758EE92CC}.Release|Any CPU.Build.0 = Release|Any CPU
	EndGlobalSection
	GlobalSection(SolutionProperties) = preSolution
		HideSolutionNode = FALSE
	EndGlobalSection
	GlobalSection(MonoDevelopProperties) = preSolution
		StartupItem = Assembly-CSharp.csproj
	EndGlobalSection
EndGlobal
